// !$*UTF8*$!
{
	archiveVersion = 1;
	classes = {
	};
	objectVersion = 56;
	objects = {

/* Begin PBXBuildFile section */
		449176E42ACEB0E10086AC8D /* AppDelegate.swift in Sources */ = {isa = PBXBuildFile; fileRef = 449176E32ACEB0E10086AC8D /* AppDelegate.swift */; };
		449176E62ACEB0E10086AC8D /* SceneDelegate.swift in Sources */ = {isa = PBXBuildFile; fileRef = 449176E52ACEB0E10086AC8D /* SceneDelegate.swift */; };
		449176E82ACEB0E10086AC8D /* ViewController.swift in Sources */ = {isa = PBXBuildFile; fileRef = 449176E72ACEB0E10086AC8D /* ViewController.swift */; };
		449176EB2ACEB0E10086AC8D /* Main.storyboard in Resources */ = {isa = PBXBuildFile; fileRef = 449176E92ACEB0E10086AC8D /* Main.storyboard */; };
		449176EE2ACEB0E10086AC8D /* Guess_the_number.xcdatamodeld in Sources */ = {isa = PBXBuildFile; fileRef = 449176EC2ACEB0E10086AC8D /* Guess_the_number.xcdatamodeld */; };
		449176F02ACEB0E20086AC8D /* Assets.xcassets in Resources */ = {isa = PBXBuildFile; fileRef = 449176EF2ACEB0E20086AC8D /* Assets.xcassets */; };
		449176F32ACEB0E20086AC8D /* LaunchScreen.storyboard in Resources */ = {isa = PBXBuildFile; fileRef = 449176F12ACEB0E20086AC8D /* LaunchScreen.storyboard */; };
/* End PBXBuildFile section */

/* Begin PBXFileReference section */
		449176E02ACEB0E10086AC8D /* Guess the number.app */ = {isa = PBXFileReference; explicitFileType = wrapper.application; includeInIndex = 0; path = "Guess the number.app"; sourceTree = BUILT_PRODUCTS_DIR; };
		449176E32ACEB0E10086AC8D /* AppDelegate.swift */ = {isa = PBXFileReference; lastKnownFileType = sourcecode.swift; path = AppDelegate.swift; sourceTree = "<group>"; };
		449176E52ACEB0E10086AC8D /* SceneDelegate.swift */ = {isa = PBXFileReference; lastKnownFileType = sourcecode.swift; path = SceneDelegate.swift; sourceTree = "<group>"; };
		449176E72ACEB0E10086AC8D /* ViewController.swift */ = {isa = PBXFileReference; lastKnownFileType = sourcecode.swift; path = ViewController.swift; sourceTree = "<group>"; };
		449176EA2ACEB0E10086AC8D /* Base */ = {isa = PBXFileReference; lastKnownFileType = file.storyboard; name = Base; path = Base.lproj/Main.storyboard; sourceTree = "<group>"; };
		449176ED2ACEB0E10086AC8D /* Guess_the_number.xcdatamodel */ = {isa = PBXFileReference; lastKnownFileType = wrapper.xcdatamodel; path = Guess_the_number.xcdatamodel; sourceTree = "<group>"; };
		449176EF2ACEB0E20086AC8D /* Assets.xcassets */ = {isa = PBXFileReference; lastKnownFileType = folder.assetcatalog; path = Assets.xcassets; sourceTree = "<group>"; };
		449176F22ACEB0E20086AC8D /* Base */ = {isa = PBXFileReference; lastKnownFileType = file.storyboard; name = Base; path = Base.lproj/LaunchScreen.storyboard; sourceTree = "<group>"; };
		449176F42ACEB0E20086AC8D /* Info.plist */ = {isa = PBXFileReference; lastKnownFileType = text.plist.xml; path = Info.plist; sourceTree = "<group>"; };
/* End PBXFileReference section */

/* Begin PBXFrameworksBuildPhase section */
		449176DD2ACEB0E10086AC8D /* Frameworks */ = {
			isa = PBXFrameworksBuildPhase;
			buildActionMask = 2147483647;
			files = (
			);
			runOnlyForDeploymentPostprocessing = 0;
		};
/* End PBXFrameworksBuildPhase section */

/* Begin PBXGroup section */
		449176D72ACEB0E10086AC8D = {
			isa = PBXGroup;
			children = (
				449176E22ACEB0E10086AC8D /* Guess the number */,
				449176E12ACEB0E10086AC8D /* Products */,
			);
			sourceTree = "<group>";
		};
		449176E12ACEB0E10086AC8D /* Products */ = {
			isa = PBXGroup;
			children = (
				449176E02ACEB0E10086AC8D /* Guess the number.app */,
			);
			name = Products;
			sourceTree = "<group>";
		};
		449176E22ACEB0E10086AC8D /* Guess the number */ = {
			isa = PBXGroup;
			children = (
				449176E32ACEB0E10086AC8D /* AppDelegate.swift */,
				449176E52ACEB0E10086AC8D /* SceneDelegate.swift */,
				449176E72ACEB0E10086AC8D /* ViewController.swift */,
				449176E92ACEB0E10086AC8D /* Main.storyboard */,
				449176EF2ACEB0E20086AC8D /* Assets.xcassets */,
				449176F12ACEB0E20086AC8D /* LaunchScreen.storyboard */,
				449176F42ACEB0E20086AC8D /* Info.plist */,
				449176EC2ACEB0E10086AC8D /* Guess_the_number.xcdatamodeld */,
			);
			path = "Guess the number";
			sourceTree = "<group>";
		};
/* End PBXGroup section */

/* Begin PBXNativeTarget section */
		449176DF2ACEB0E10086AC8D /* Guess the number */ = {
			isa = PBXNativeTarget;
			buildConfigurationList = 449176F72ACEB0E20086AC8D /* Build configuration list for PBXNativeTarget "Guess the number" */;
			buildPhases = (
				449176DC2ACEB0E10086AC8D /* Sources */,
				449176DD2ACEB0E10086AC8D /* Frameworks */,
				449176DE2ACEB0E10086AC8D /* Resources */,
			);
			buildRules = (
			);
			dependencies = (
			);
			name = "Guess the number";
			productName = "Guess the number";
			productReference = 449176E02ACEB0E10086AC8D /* Guess the number.app */;
			productType = "com.apple.product-type.application";
		};
/* End PBXNativeTarget section */

/* Begin PBXProject section */
		449176D82ACEB0E10086AC8D /* Project object */ = {
			isa = PBXProject;
			attributes = {
				BuildIndependentTargetsInParallel = 1;
				LastSwiftUpdateCheck = 1430;
				LastUpgradeCheck = 1430;
				TargetAttributes = {
					449176DF2ACEB0E10086AC8D = {
						CreatedOnToolsVersion = 14.3.1;
					};
				};
			};
			buildConfigurationList = 449176DB2ACEB0E10086AC8D /* Build configuration list for PBXProject "Guess the number" */;
			compatibilityVersion = "Xcode 14.0";
			developmentRegion = en;
			hasScannedForEncodings = 0;
			knownRegions = (
				en,
				Base,
			);
			mainGroup = 449176D72ACEB0E10086AC8D;
			productRefGroup = 449176E12ACEB0E10086AC8D /* Products */;
			projectDirPath = "";
			projectRoot = "";
			targets = (
				449176DF2ACEB0E10086AC8D /* Guess the number */,
			);
		};
/* End PBXProject section */

/* Begin PBXResourcesBuildPhase section */
		449176DE2ACEB0E10086AC8D /* Resources */ = {
			isa = PBXResourcesBuildPhase;
			buildActionMask = 2147483647;
			files = (
				449176F32ACEB0E20086AC8D /* LaunchScreen.storyboard in Resources */,
				449176F02ACEB0E20086AC8D /* Assets.xcassets in Resources */,
				449176EB2ACEB0E10086AC8D /* Main.storyboard in Resources */,
			);
			runOnlyForDeploymentPostprocessing = 0;
		};
/* End PBXResourcesBuildPhase section */

/* Begin PBXSourcesBuildPhase section */
		449176DC2ACEB0E10086AC8D /* Sources */ = {
			isa = PBXSourcesBuildPhase;
			buildActionMask = 2147483647;
			files = (
				449176EE2ACEB0E10086AC8D /* Guess_the_number.xcdatamodeld in Sources */,
				449176E82ACEB0E10086AC8D /* ViewController.swift in Sources */,
				449176E42ACEB0E10086AC8D /* AppDelegate.swift in Sources */,
				449176E62ACEB0E10086AC8D /* SceneDelegate.swift in Sources */,
			);
			runOnlyForDeploymentPostprocessing = 0;
		};
/* End PBXSourcesBuildPhase section */

/* Begin PBXVariantGroup section */
		449176E92ACEB0E10086AC8D /* Main.storyboard */ = {
			isa = PBXVariantGroup;
			children = (
				449176EA2ACEB0E10086AC8D /* Base */,
			);
			name = Main.storyboard;
			sourceTree = "<group>";
		};
		449176F12ACEB0E20086AC8D /* LaunchScreen.storyboard */ = {
			isa = PBXVariantGroup;
			children = (
				449176F22ACEB0E20086AC8D /* Base */,
			);
			name = LaunchScreen.storyboard;
			sourceTree = "<group>";
		};
/* End PBXVariantGroup section */

/* Begin XCBuildConfiguration section */
		449176F52ACEB0E20086AC8D /* Debug */ = {
			isa = XCBuildConfiguration;
			buildSettings = {
				ALWAYS_SEARCH_USER_PATHS = NO;
				CLANG_ANALYZER_NONNULL = YES;
				CLANG_ANALYZER_NUMBER_OBJECT_CONVERSION = YES_AGGRESSIVE;
				CLANG_CXX_LANGUAGE_STANDARD = "gnu++20";
				CLANG_ENABLE_MODULES = YES;
				CLANG_ENABLE_OBJC_ARC = YES;
				CLANG_ENABLE_OBJC_WEAK = YES;
				CLANG_WARN_BLOCK_CAPTURE_AUTORELEASING = YES;
				CLANG_WARN_BOOL_CONVERSION = YES;
				CLANG_WARN_COMMA = YES;
				CLANG_WARN_CONSTANT_CONVERSION = YES;
				CLANG_WARN_DEPRECATED_OBJC_IMPLEMENTATIONS = YES;
				CLANG_WARN_DIRECT_OBJC_ISA_USAGE = YES_ERROR;
				CLANG_WARN_DOCUMENTATION_COMMENTS = YES;
				CLANG_WARN_EMPTY_BODY = YES;
				CLANG_WARN_ENUM_CONVERSION = YES;
				CLANG_WARN_INFINITE_RECURSION = YES;
				CLANG_WARN_INT_CONVERSION = YES;
				CLANG_WARN_NON_LITERAL_NULL_CONVERSION = YES;
				CLANG_WARN_OBJC_IMPLICIT_RETAIN_SELF = YES;
				CLANG_WARN_OBJC_LITERAL_CONVERSION = YES;
				CLANG_WARN_OBJC_ROOT_CLASS = YES_ERROR;
				CLANG_WARN_QUOTED_INCLUDE_IN_FRAMEWORK_HEADER = YES;
				CLANG_WARN_RANGE_LOOP_ANALYSIS = YES;
				CLANG_WARN_STRICT_PROTOTYPES = YES;
				CLANG_WARN_SUSPICIOUS_MOVE = YES;
				CLANG_WARN_UNGUARDED_AVAILABILITY = YES_AGGRESSIVE;
				CLANG_WARN_UNREACHABLE_CODE = YES;
				CLANG_WARN__DUPLICATE_METHOD_MATCH = YES;
				COPY_PHASE_STRIP = NO;
				DEBUG_INFORMATION_FORMAT = dwarf;
				ENABLE_STRICT_OBJC_MSGSEND = YES;
				ENABLE_TESTABILITY = YES;
				GCC_C_LANGUAGE_STANDARD = gnu11;
				GCC_DYNAMIC_NO_PIC = NO;
				GCC_NO_COMMON_BLOCKS = YES;
				GCC_OPTIMIZATION_LEVEL = 0;
				GCC_PREPROCESSOR_DEFINITIONS = (
					"DEBUG=1",
					"$(inherited)",
				);
				GCC_WARN_64_TO_32_BIT_CONVERSION = YES;
				GCC_WARN_ABOUT_RETURN_TYPE = YES_ERROR;
				GCC_WARN_UNDECLARED_SELECTOR = YES;
				GCC_WARN_UNINITIALIZED_AUTOS = YES_AGGRESSIVE;
				GCC_WARN_UNUSED_FUNCTION = YES;
				GCC_WARN_UNUSED_VARIABLE = YES;
				IPHONEOS_DEPLOYMENT_TARGET = 16.4;
				MTL_ENABLE_DEBUG_INFO = INCLUDE_SOURCE;
				MTL_FAST_MATH = YES;
				ONLY_ACTIVE_ARCH = YES;
				SDKROOT = iphoneos;
				SWIFT_ACTIVE_COMPILATION_CONDITIONS = DEBUG;
				SWIFT_OPTIMIZATION_LEVEL = "-Onone";
			};
			name = Debug;
		};
		449176F62ACEB0E20086AC8D /* Release */ = {
			isa = XCBuildConfiguration;
			buildSettings = {
				ALWAYS_SEARCH_USER_PATHS = NO;
				CLANG_ANALYZER_NONNULL = YES;
				CLANG_ANALYZER_NUMBER_OBJECT_CONVERSION = YES_AGGRESSIVE;
				CLANG_CXX_LANGUAGE_STANDARD = "gnu++20";
				CLANG_ENABLE_MODULES = YES;
				CLANG_ENABLE_OBJC_ARC = YES;
				CLANG_ENABLE_OBJC_WEAK = YES;
				CLANG_WARN_BLOCK_CAPTURE_AUTORELEASING = YES;
				CLANG_WARN_BOOL_CONVERSION = YES;
				CLANG_WARN_COMMA = YES;
				CLANG_WARN_CONSTANT_CONVERSION = YES;
				CLANG_WARN_DEPRECATED_OBJC_IMPLEMENTATIONS = YES;
				CLANG_WARN_DIRECT_OBJC_ISA_USAGE = YES_ERROR;
				CLANG_WARN_DOCUMENTATION_COMMENTS = YES;
				CLANG_WARN_EMPTY_BODY = YES;
				CLANG_WARN_ENUM_CONVERSION = YES;
				CLANG_WARN_INFINITE_RECURSION = YES;
				CLANG_WARN_INT_CONVERSION = YES;
				CLANG_WARN_NON_LITERAL_NULL_CONVERSION = YES;
				CLANG_WARN_OBJC_IMPLICIT_RETAIN_SELF = YES;
				CLANG_WARN_OBJC_LITERAL_CONVERSION = YES;
				CLANG_WARN_OBJC_ROOT_CLASS = YES_ERROR;
				CLANG_WARN_QUOTED_INCLUDE_IN_FRAMEWORK_HEADER = YES;
				CLANG_WARN_RANGE_LOOP_ANALYSIS = YES;
				CLANG_WARN_STRICT_PROTOTYPES = YES;
				CLANG_WARN_SUSPICIOUS_MOVE = YES;
				CLANG_WARN_UNGUARDED_AVAILABILITY = YES_AGGRESSIVE;
				CLANG_WARN_UNREACHABLE_CODE = YES;
				CLANG_WARN__DUPLICATE_METHOD_MATCH = YES;
				COPY_PHASE_STRIP = NO;
				DEBUG_INFORMATION_FORMAT = "dwarf-with-dsym";
				ENABLE_NS_ASSERTIONS = NO;
				ENABLE_STRICT_OBJC_MSGSEND = YES;
				GCC_C_LANGUAGE_STANDARD = gnu11;
				GCC_NO_COMMON_BLOCKS = YES;
				GCC_WARN_64_TO_32_BIT_CONVERSION = YES;
				GCC_WARN_ABOUT_RETURN_TYPE = YES_ERROR;
				GCC_WARN_UNDECLARED_SELECTOR = YES;
				GCC_WARN_UNINITIALIZED_AUTOS = YES_AGGRESSIVE;
				GCC_WARN_UNUSED_FUNCTION = YES;
				GCC_WARN_UNUSED_VARIABLE = YES;
				IPHONEOS_DEPLOYMENT_TARGET = 16.4;
				MTL_ENABLE_DEBUG_INFO = NO;
				MTL_FAST_MATH = YES;
				SDKROOT = iphoneos;
				SWIFT_COMPILATION_MODE = wholemodule;
				SWIFT_OPTIMIZATION_LEVEL = "-O";
				VALIDATE_PRODUCT = YES;
			};
			name = Release;
		};
		449176F82ACEB0E20086AC8D /* Debug */ = {
			isa = XCBuildConfiguration;
			buildSettings = {
				ASSETCATALOG_COMPILER_APPICON_NAME = AppIcon;
				ASSETCATALOG_COMPILER_GLOBAL_ACCENT_COLOR_NAME = AccentColor;
				CODE_SIGN_STYLE = Automatic;
				CURRENT_PROJECT_VERSION = 1;
				DEVELOPMENT_TEAM = S6GLZ5G87A;
				GENERATE_INFOPLIST_FILE = YES;
				INFOPLIST_FILE = "Guess the number/Info.plist";
				INFOPLIST_KEY_UIApplicationSupportsIndirectInputEvents = YES;
				INFOPLIST_KEY_UILaunchStoryboardName = LaunchScreen;
				INFOPLIST_KEY_UIMainStoryboardFile = Main;
				INFOPLIST_KEY_UISupportedInterfaceOrientations_iPad = "UIInterfaceOrientationPortrait UIInterfaceOrientationPortraitUpsideDown UIInterfaceOrientationLandscapeLeft UIInterfaceOrientationLandscapeRight";
				INFOPLIST_KEY_UISupportedInterfaceOrientations_iPhone = "UIInterfaceOrientationPortrait UIInterfaceOrientationLandscapeLeft UIInterfaceOrientationLandscapeRight";
				LD_RUNPATH_SEARCH_PATHS = (
					"$(inherited)",
					"@executable_path/Frameworks",
				);
				MARKETING_VERSION = 1.0;
				PRODUCT_BUNDLE_IDENTIFIER = "com.gino.Guess-the-number";
				PRODUCT_NAME = "$(TARGET_NAME)";
				SWIFT_EMIT_LOC_STRINGS = YES;
				SWIFT_VERSION = 5.0;
				TARGETED_DEVICE_FAMILY = "1,2";
			};
			name = Debug;
		};
		449176F92ACEB0E20086AC8D /* Release */ = {
			isa = XCBuildConfiguration;
			buildSettings = {
				ASSETCATALOG_COMPILER_APPICON_NAME = AppIcon;
				ASSETCATALOG_COMPILER_GLOBAL_ACCENT_COLOR_NAME = AccentColor;
				CODE_SIGN_STYLE = Automatic;
				CURRENT_PROJECT_VERSION = 1;
				DEVELOPMENT_TEAM = S6GLZ5G87A;
				GENERATE_INFOPLIST_FILE = YES;
				INFOPLIST_FILE = "Guess the number/Info.plist";
				INFOPLIST_KEY_UIApplicationSupportsIndirectInputEvents = YES;
				INFOPLIST_KEY_UILaunchStoryboardName = LaunchScreen;
				INFOPLIST_KEY_UIMainStoryboardFile = Main;
				INFOPLIST_KEY_UISupportedInterfaceOrientations_iPad = "UIInterfaceOrientationPortrait UIInterfaceOrientationPortraitUpsideDown UIInterfaceOrientationLandscapeLeft UIInterfaceOrientationLandscapeRight";
				INFOPLIST_KEY_UISupportedInterfaceOrientations_iPhone = "UIInterfaceOrientationPortrait UIInterfaceOrientationLandscapeLeft UIInterfaceOrientationLandscapeRight";
				LD_RUNPATH_SEARCH_PATHS = (
					"$(inherited)",
					"@executable_path/Frameworks",
				);
				MARKETING_VERSION = 1.0;
				PRODUCT_BUNDLE_IDENTIFIER = "com.gino.Guess-the-number";
				PRODUCT_NAME = "$(TARGET_NAME)";
				SWIFT_EMIT_LOC_STRINGS = YES;
				SWIFT_VERSION = 5.0;
				TARGETED_DEVICE_FAMILY = "1,2";
			};
			name = Release;
		};
/* End XCBuildConfiguration section */

/* Begin XCConfigurationList section */
		449176DB2ACEB0E10086AC8D /* Build configuration list for PBXProject "Guess the number" */ = {
			isa = XCConfigurationList;
			buildConfigurations = (
				449176F52ACEB0E20086AC8D /* Debug */,
				449176F62ACEB0E20086AC8D /* Release */,
			);
			defaultConfigurationIsVisible = 0;
			defaultConfigurationName = Release;
		};
		449176F72ACEB0E20086AC8D /* Build configuration list for PBXNativeTarget "Guess the number" */ = {
			isa = XCConfigurationList;
			buildConfigurations = (
				449176F82ACEB0E20086AC8D /* Debug */,
				449176F92ACEB0E20086AC8D /* Release */,
			);
			defaultConfigurationIsVisible = 0;
			defaultConfigurationName = Release;
		};
/* End XCConfigurationList section */

/* Begin XCVersionGroup section */
		449176EC2ACEB0E10086AC8D /* Guess_the_number.xcdatamodeld */ = {
			isa = XCVersionGroup;
			children = (
				449176ED2ACEB0E10086AC8D /* Guess_the_number.xcdatamodel */,
			);
			currentVersion = 449176ED2ACEB0E10086AC8D /* Guess_the_number.xcdatamodel */;
			path = Guess_the_number.xcdatamodeld;
			sourceTree = "<group>";
			versionGroupType = wrapper.xcdatamodel;
		};
/* End XCVersionGroup section */
	};
	rootObject = 449176D82ACEB0E10086AC8D /* Project object */;
}
